
Microsoft Visual Studio Solution File, Format Version 12.00
# Visual Studio Version 17
VisualStudioVersion = 17.0.32014.148
MinimumVisualStudioVersion = 10.0.40219.1
Project("{9A19103F-16F7-4668-BE54-9A1E7A4F7556}") = "Classes", "Classes\Classes.csproj", "{FCB10B4D-C256-4797-8239-02587DD690D5}"
EndProject
Project("{9A19103F-16F7-4668-BE54-9A1E7A4F7556}") = "VowelRemove", "VowelRemove\VowelRemove.csproj", "{A26430B9-6BFF-47FE-A8A6-CCBD2D448044}"
EndProject
Project("{9A19103F-16F7-4668-BE54-9A1E7A4F7556}") = "Constructors", "Constructors\Constructors.csproj", "{7C6A2C48-831C-4D11-B6A7-A4ACCB4D84F1}"
EndProject
Project("{9A19103F-16F7-4668-BE54-9A1E7A4F7556}") = "Methods", "Methods\Methods.csproj", "{207B5F20-421D-419E-BB6C-C7A054A37CB4}"
EndProject
Project("{9A19103F-16F7-4668-BE54-9A1E7A4F7556}") = "Fields", "Fields\Fields.csproj", "{5864E7EB-7A9E-4C47-90A3-BB17825409A4}"
EndProject
Project("{FAE04EC0-301F-11D3-BF4B-00C04F79EFBC}") = "AccessModifiers", "AccessModifiers\AccessModifiers.csproj", "{B340475C-74A1-420F-A485-A09D34965AAB}"
EndProject
Global
	GlobalSection(SolutionConfigurationPlatforms) = preSolution
		Debug|Any CPU = Debug|Any CPU
		Release|Any CPU = Release|Any CPU
	EndGlobalSection
	GlobalSection(ProjectConfigurationPlatforms) = postSolution
		{FCB10B4D-C256-4797-8239-02587DD690D5}.Debug|Any CPU.ActiveCfg = Debug|Any CPU
		{FCB10B4D-C256-4797-8239-02587DD690D5}.Debug|Any CPU.Build.0 = Debug|Any CPU
		{FCB10B4D-C256-4797-8239-02587DD690D5}.Release|Any CPU.ActiveCfg = Release|Any CPU
		{FCB10B4D-C256-4797-8239-02587DD690D5}.Release|Any CPU.Build.0 = Release|Any CPU
		{A26430B9-6BFF-47FE-A8A6-CCBD2D448044}.Debug|Any CPU.ActiveCfg = Debug|Any CPU
		{A26430B9-6BFF-47FE-A8A6-CCBD2D448044}.Debug|Any CPU.Build.0 = Debug|Any CPU
		{A26430B9-6BFF-47FE-A8A6-CCBD2D448044}.Release|Any CPU.ActiveCfg = Release|Any CPU
		{A26430B9-6BFF-47FE-A8A6-CCBD2D448044}.Release|Any CPU.Build.0 = Release|Any CPU
		{7C6A2C48-831C-4D11-B6A7-A4ACCB4D84F1}.Debug|Any CPU.ActiveCfg = Debug|Any CPU
		{7C6A2C48-831C-4D11-B6A7-A4ACCB4D84F1}.Debug|Any CPU.Build.0 = Debug|Any CPU
		{7C6A2C48-831C-4D11-B6A7-A4ACCB4D84F1}.Release|Any CPU.ActiveCfg = Release|Any CPU
		{7C6A2C48-831C-4D11-B6A7-A4ACCB4D84F1}.Release|Any CPU.Build.0 = Release|Any CPU
		{207B5F20-421D-419E-BB6C-C7A054A37CB4}.Debug|Any CPU.ActiveCfg = Debug|Any CPU
		{207B5F20-421D-419E-BB6C-C7A054A37CB4}.Debug|Any CPU.Build.0 = Debug|Any CPU
		{207B5F20-421D-419E-BB6C-C7A054A37CB4}.Release|Any CPU.ActiveCfg = Release|Any CPU
		{207B5F20-421D-419E-BB6C-C7A054A37CB4}.Release|Any CPU.Build.0 = Release|Any CPU
		{5864E7EB-7A9E-4C47-90A3-BB17825409A4}.Debug|Any CPU.ActiveCfg = Debug|Any CPU
		{5864E7EB-7A9E-4C47-90A3-BB17825409A4}.Debug|Any CPU.Build.0 = Debug|Any CPU
		{5864E7EB-7A9E-4C47-90A3-BB17825409A4}.Release|Any CPU.ActiveCfg = Release|Any CPU
		{5864E7EB-7A9E-4C47-90A3-BB17825409A4}.Release|Any CPU.Build.0 = Release|Any CPU
		{B340475C-74A1-420F-A485-A09D34965AAB}.Debug|Any CPU.ActiveCfg = Debug|Any CPU
		{B340475C-74A1-420F-A485-A09D34965AAB}.Debug|Any CPU.Build.0 = Debug|Any CPU
		{B340475C-74A1-420F-A485-A09D34965AAB}.Release|Any CPU.ActiveCfg = Release|Any CPU
		{B340475C-74A1-420F-A485-A09D34965AAB}.Release|Any CPU.Build.0 = Release|Any CPU
	EndGlobalSection
	GlobalSection(SolutionProperties) = preSolution
		HideSolutionNode = FALSE
	EndGlobalSection
	GlobalSection(ExtensibilityGlobals) = postSolution
		SolutionGuid = {3D3D7C08-6316-4A8E-9E57-0D35F513D653}
	EndGlobalSection
EndGlobal
